PODS:
  - YoutubePlayer-in-WKWebView (0.3.8)

DEPENDENCIES:
  - YoutubePlayer-in-WKWebView

SPEC REPOS:
  trunk:
    - YoutubePlayer-in-WKWebView

SPEC CHECKSUMS:
  YoutubePlayer-in-WKWebView: 4fca3b4f6f09940077bfbae7bddb771f2b43aacd

PODFILE CHECKSUM: a757cd365252f23be8f602f190be9afde2396d2b

COCOAPODS: 1.8.4
