// !$*UTF8*$!
{
	archiveVersion = 1;
	classes = {
	};
	objectVersion = 56;
	objects = {

/* Begin PBXBuildFile section */
		32C40E3F2A38847900A70197 /* AppDelegate.swift in Sources */ = {isa = PBXBuildFile; fileRef = 32C40E3E2A38847900A70197 /* AppDelegate.swift */; };
		32C40E412A38847900A70197 /* SceneDelegate.swift in Sources */ = {isa = PBXBuildFile; fileRef = 32C40E402A38847900A70197 /* SceneDelegate.swift */; };
		32C40E432A38847900A70197 /* ViewController.swift in Sources */ = {isa = PBXBuildFile; fileRef = 32C40E422A38847900A70197 /* ViewController.swift */; };
		32C40E462A38847900A70197 /* Main.storyboard in Resources */ = {isa = PBXBuildFile; fileRef = 32C40E442A38847900A70197 /* Main.storyboard */; };
		32C40E482A38847B00A70197 /* Assets.xcassets in Resources */ = {isa = PBXBuildFile; fileRef = 32C40E472A38847B00A70197 /* Assets.xcassets */; };
		32C40E4B2A38847B00A70197 /* LaunchScreen.storyboard in Resources */ = {isa = PBXBuildFile; fileRef = 32C40E492A38847B00A70197 /* LaunchScreen.storyboard */; };
		DCFD2D9C6F70912A5088612E /* Pods_PlayVideoYTPlayer.framework in Frameworks */ = {isa = PBXBuildFile; fileRef = AD81C12E7DF65C977F8C450C /* Pods_PlayVideoYTPlayer.framework */; };
/* End PBXBuildFile section */

/* Begin PBXFileReference section */
		32C40E3B2A38847900A70197 /* PlayVideoYTPlayer.app */ = {isa = PBXFileReference; explicitFileType = wrapper.application; includeInIndex = 0; path = PlayVideoYTPlayer.app; sourceTree = BUILT_PRODUCTS_DIR; };
		32C40E3E2A38847900A70197 /* AppDelegate.swift */ = {isa = PBXFileReference; lastKnownFileType = sourcecode.swift; path = AppDelegate.swift; sourceTree = "<group>"; };
		32C40E402A38847900A70197 /* SceneDelegate.swift */ = {isa = PBXFileReference; lastKnownFileType = sourcecode.swift; path = SceneDelegate.swift; sourceTree = "<group>"; };
		32C40E422A38847900A70197 /* ViewController.swift */ = {isa = PBXFileReference; lastKnownFileType = sourcecode.swift; path = ViewController.swift; sourceTree = "<group>"; };
		32C40E452A38847900A70197 /* Base */ = {isa = PBXFileReference; lastKnownFileType = file.storyboard; name = Base; path = Base.lproj/Main.storyboard; sourceTree = "<group>"; };
		32C40E472A38847B00A70197 /* Assets.xcassets */ = {isa = PBXFileReference; lastKnownFileType = folder.assetcatalog; path = Assets.xcassets; sourceTree = "<group>"; };
		32C40E4A2A38847B00A70197 /* Base */ = {isa = PBXFileReference; lastKnownFileType = file.storyboard; name = Base; path = Base.lproj/LaunchScreen.storyboard; sourceTree = "<group>"; };
		32C40E4C2A38847B00A70197 /* Info.plist */ = {isa = PBXFileReference; lastKnownFileType = text.plist.xml; path = Info.plist; sourceTree = "<group>"; };
		4C46DBC080E8F64F32D2F40A /* Pods-PlayVideoYTPlayer.debug.xcconfig */ = {isa = PBXFileReference; includeInIndex = 1; lastKnownFileType = text.xcconfig; name = "Pods-PlayVideoYTPlayer.debug.xcconfig"; path = "Target Support Files/Pods-PlayVideoYTPlayer/Pods-PlayVideoYTPlayer.debug.xcconfig"; sourceTree = "<group>"; };
		AD81C12E7DF65C977F8C450C /* Pods_PlayVideoYTPlayer.framework */ = {isa = PBXFileReference; explicitFileType = wrapper.framework; includeInIndex = 0; path = Pods_PlayVideoYTPlayer.framework; sourceTree = BUILT_PRODUCTS_DIR; };
		AF80F58756405B757C1136AE /* Pods-PlayVideoYTPlayer.release.xcconfig */ = {isa = PBXFileReference; includeInIndex = 1; lastKnownFileType = text.xcconfig; name = "Pods-PlayVideoYTPlayer.release.xcconfig"; path = "Target Support Files/Pods-PlayVideoYTPlayer/Pods-PlayVideoYTPlayer.release.xcconfig"; sourceTree = "<group>"; };
/* End PBXFileReference section */

/* Begin PBXFrameworksBuildPhase section */
		32C40E382A38847900A70197 /* Frameworks */ = {
			isa = PBXFrameworksBuildPhase;
			buildActionMask = 2147483647;
			files = (
				DCFD2D9C6F70912A5088612E /* Pods_PlayVideoYTPlayer.framework in Frameworks */,
			);
			runOnlyForDeploymentPostprocessing = 0;
		};
/* End PBXFrameworksBuildPhase section */

/* Begin PBXGroup section */
		140B689CF7543183E3301478 /* Pods */ = {
			isa = PBXGroup;
			children = (
				4C46DBC080E8F64F32D2F40A /* Pods-PlayVideoYTPlayer.debug.xcconfig */,
				AF80F58756405B757C1136AE /* Pods-PlayVideoYTPlayer.release.xcconfig */,
			);
			name = Pods;
			path = Pods;
			sourceTree = "<group>";
		};
		32C40E322A38847900A70197 = {
			isa = PBXGroup;
			children = (
				32C40E3D2A38847900A70197 /* PlayVideoYTPlayer */,
				32C40E3C2A38847900A70197 /* Products */,
				140B689CF7543183E3301478 /* Pods */,
				D671FEEAEFFCD991DFD13CD9 /* Frameworks */,
			);
			sourceTree = "<group>";
		};
		32C40E3C2A38847900A70197 /* Products */ = {
			isa = PBXGroup;
			children = (
				32C40E3B2A38847900A70197 /* PlayVideoYTPlayer.app */,
			);
			name = Products;
			sourceTree = "<group>";
		};
		32C40E3D2A38847900A70197 /* PlayVideoYTPlayer */ = {
			isa = PBXGroup;
			children = (
				32C40E3E2A38847900A70197 /* AppDelegate.swift */,
				32C40E402A38847900A70197 /* SceneDelegate.swift */,
				32C40E422A38847900A70197 /* ViewController.swift */,
				32C40E442A38847900A70197 /* Main.storyboard */,
				32C40E472A38847B00A70197 /* Assets.xcassets */,
				32C40E492A38847B00A70197 /* LaunchScreen.storyboard */,
				32C40E4C2A38847B00A70197 /* Info.plist */,
			);
			path = PlayVideoYTPlayer;
			sourceTree = "<group>";
		};
		D671FEEAEFFCD991DFD13CD9 /* Frameworks */ = {
			isa = PBXGroup;
			children = (
				AD81C12E7DF65C977F8C450C /* Pods_PlayVideoYTPlayer.framework */,
			);
			name = Frameworks;
			sourceTree = "<group>";
		};
/* End PBXGroup section */

/* Begin PBXNativeTarget section */
		32C40E3A2A38847900A70197 /* PlayVideoYTPlayer */ = {
			isa = PBXNativeTarget;
			buildConfigurationList = 32C40E4F2A38847B00A70197 /* Build configuration list for PBXNativeTarget "PlayVideoYTPlayer" */;
			buildPhases = (
				F3020B61969F723EFAD0CF2F /* [CP] Check Pods Manifest.lock */,
				32C40E372A38847900A70197 /* Sources */,
				32C40E382A38847900A70197 /* Frameworks */,
				32C40E392A38847900A70197 /* Resources */,
				704577B78731EF775E10DE19 /* [CP] Embed Pods Frameworks */,
			);
			buildRules = (
			);
			dependencies = (
			);
			name = PlayVideoYTPlayer;
			productName = PlayVideoYTPlayer;
			productReference = 32C40E3B2A38847900A70197 /* PlayVideoYTPlayer.app */;
			productType = "com.apple.product-type.application";
		};
/* End PBXNativeTarget section */

/* Begin PBXProject section */
		32C40E332A38847900A70197 /* Project object */ = {
			isa = PBXProject;
			attributes = {
				BuildIndependentTargetsInParallel = 1;
				LastSwiftUpdateCheck = 1420;
				LastUpgradeCheck = 1420;
				TargetAttributes = {
					32C40E3A2A38847900A70197 = {
						CreatedOnToolsVersion = 14.2;
					};
				};
			};
			buildConfigurationList = 32C40E362A38847900A70197 /* Build configuration list for PBXProject "PlayVideoYTPlayer" */;
			compatibilityVersion = "Xcode 14.0";
			developmentRegion = en;
			hasScannedForEncodings = 0;
			knownRegions = (
				en,
				Base,
			);
			mainGroup = 32C40E322A38847900A70197;
			productRefGroup = 32C40E3C2A38847900A70197 /* Products */;
			projectDirPath = "";
			projectRoot = "";
			targets = (
				32C40E3A2A38847900A70197 /* PlayVideoYTPlayer */,
			);
		};
/* End PBXProject section */

/* Begin PBXResourcesBuildPhase section */
		32C40E392A38847900A70197 /* Resources */ = {
			isa = PBXResourcesBuildPhase;
			buildActionMask = 2147483647;
			files = (
				32C40E4B2A38847B00A70197 /* LaunchScreen.storyboard in Resources */,
				32C40E482A38847B00A70197 /* Assets.xcassets in Resources */,
				32C40E462A38847900A70197 /* Main.storyboard in Resources */,
			);
			runOnlyForDeploymentPostprocessing = 0;
		};
/* End PBXResourcesBuildPhase section */

/* Begin PBXShellScriptBuildPhase section */
		704577B78731EF775E10DE19 /* [CP] Embed Pods Frameworks */ = {
			isa = PBXShellScriptBuildPhase;
			buildActionMask = 2147483647;
			files = (
			);
			inputFileListPaths = (
				"${PODS_ROOT}/Target Support Files/Pods-PlayVideoYTPlayer/Pods-PlayVideoYTPlayer-frameworks-${CONFIGURATION}-input-files.xcfilelist",
			);
			name = "[CP] Embed Pods Frameworks";
			outputFileListPaths = (
				"${PODS_ROOT}/Target Support Files/Pods-PlayVideoYTPlayer/Pods-PlayVideoYTPlayer-frameworks-${CONFIGURATION}-output-files.xcfilelist",
			);
			runOnlyForDeploymentPostprocessing = 0;
			shellPath = /bin/sh;
			shellScript = "\"${PODS_ROOT}/Target Support Files/Pods-PlayVideoYTPlayer/Pods-PlayVideoYTPlayer-frameworks.sh\"\n";
			showEnvVarsInLog = 0;
		};
		F3020B61969F723EFAD0CF2F /* [CP] Check Pods Manifest.lock */ = {
			isa = PBXShellScriptBuildPhase;
			buildActionMask = 2147483647;
			files = (
			);
			inputFileListPaths = (
			);
			inputPaths = (
				"${PODS_PODFILE_DIR_PATH}/Podfile.lock",
				"${PODS_ROOT}/Manifest.lock",
			);
			name = "[CP] Check Pods Manifest.lock";
			outputFileListPaths = (
			);
			outputPaths = (
				"$(DERIVED_FILE_DIR)/Pods-PlayVideoYTPlayer-checkManifestLockResult.txt",
			);
			runOnlyForDeploymentPostprocessing = 0;
			shellPath = /bin/sh;
			shellScript = "diff \"${PODS_PODFILE_DIR_PATH}/Podfile.lock\" \"${PODS_ROOT}/Manifest.lock\" > /dev/null\nif [ $? != 0 ] ; then\n    # print error to STDERR\n    echo \"error: The sandbox is not in sync with the Podfile.lock. Run 'pod install' or update your CocoaPods installation.\" >&2\n    exit 1\nfi\n# This output is used by Xcode 'outputs' to avoid re-running this script phase.\necho \"SUCCESS\" > \"${SCRIPT_OUTPUT_FILE_0}\"\n";
			showEnvVarsInLog = 0;
		};
/* End PBXShellScriptBuildPhase section */

/* Begin PBXSourcesBuildPhase section */
		32C40E372A38847900A70197 /* Sources */ = {
			isa = PBXSourcesBuildPhase;
			buildActionMask = 2147483647;
			files = (
				32C40E432A38847900A70197 /* ViewController.swift in Sources */,
				32C40E3F2A38847900A70197 /* AppDelegate.swift in Sources */,
				32C40E412A38847900A70197 /* SceneDelegate.swift in Sources */,
			);
			runOnlyForDeploymentPostprocessing = 0;
		};
/* End PBXSourcesBuildPhase section */

/* Begin PBXVariantGroup section */
		32C40E442A38847900A70197 /* Main.storyboard */ = {
			isa = PBXVariantGroup;
			children = (
				32C40E452A38847900A70197 /* Base */,
			);
			name = Main.storyboard;
			sourceTree = "<group>";
		};
		32C40E492A38847B00A70197 /* LaunchScreen.storyboard */ = {
			isa = PBXVariantGroup;
			children = (
				32C40E4A2A38847B00A70197 /* Base */,
			);
			name = LaunchScreen.storyboard;
			sourceTree = "<group>";
		};
/* End PBXVariantGroup section */

/* Begin XCBuildConfiguration section */
		32C40E4D2A38847B00A70197 /* Debug */ = {
			isa = XCBuildConfiguration;
			buildSettings = {
				ALWAYS_SEARCH_USER_PATHS = NO;
				CLANG_ANALYZER_NONNULL = YES;
				CLANG_ANALYZER_NUMBER_OBJECT_CONVERSION = YES_AGGRESSIVE;
				CLANG_CXX_LANGUAGE_STANDARD = "gnu++20";
				CLANG_ENABLE_MODULES = YES;
				CLANG_ENABLE_OBJC_ARC = YES;
				CLANG_ENABLE_OBJC_WEAK = YES;
				CLANG_WARN_BLOCK_CAPTURE_AUTORELEASING = YES;
				CLANG_WARN_BOOL_CONVERSION = YES;
				CLANG_WARN_COMMA = YES;
				CLANG_WARN_CONSTANT_CONVERSION = YES;
				CLANG_WARN_DEPRECATED_OBJC_IMPLEMENTATIONS = YES;
				CLANG_WARN_DIRECT_OBJC_ISA_USAGE = YES_ERROR;
				CLANG_WARN_DOCUMENTATION_COMMENTS = YES;
				CLANG_WARN_EMPTY_BODY = YES;
				CLANG_WARN_ENUM_CONVERSION = YES;
				CLANG_WARN_INFINITE_RECURSION = YES;
				CLANG_WARN_INT_CONVERSION = YES;
				CLANG_WARN_NON_LITERAL_NULL_CONVERSION = YES;
				CLANG_WARN_OBJC_IMPLICIT_RETAIN_SELF = YES;
				CLANG_WARN_OBJC_LITERAL_CONVERSION = YES;
				CLANG_WARN_OBJC_ROOT_CLASS = YES_ERROR;
				CLANG_WARN_QUOTED_INCLUDE_IN_FRAMEWORK_HEADER = YES;
				CLANG_WARN_RANGE_LOOP_ANALYSIS = YES;
				CLANG_WARN_STRICT_PROTOTYPES = YES;
				CLANG_WARN_SUSPICIOUS_MOVE = YES;
				CLANG_WARN_UNGUARDED_AVAILABILITY = YES_AGGRESSIVE;
				CLANG_WARN_UNREACHABLE_CODE = YES;
				CLANG_WARN__DUPLICATE_METHOD_MATCH = YES;
				COPY_PHASE_STRIP = NO;
				DEBUG_INFORMATION_FORMAT = dwarf;
				ENABLE_STRICT_OBJC_MSGSEND = YES;
				ENABLE_TESTABILITY = YES;
				GCC_C_LANGUAGE_STANDARD = gnu11;
				GCC_DYNAMIC_NO_PIC = NO;
				GCC_NO_COMMON_BLOCKS = YES;
				GCC_OPTIMIZATION_LEVEL = 0;
				GCC_PREPROCESSOR_DEFINITIONS = (
					"DEBUG=1",
					"$(inherited)",
				);
				GCC_WARN_64_TO_32_BIT_CONVERSION = YES;
				GCC_WARN_ABOUT_RETURN_TYPE = YES_ERROR;
				GCC_WARN_UNDECLARED_SELECTOR = YES;
				GCC_WARN_UNINITIALIZED_AUTOS = YES_AGGRESSIVE;
				GCC_WARN_UNUSED_FUNCTION = YES;
				GCC_WARN_UNUSED_VARIABLE = YES;
				IPHONEOS_DEPLOYMENT_TARGET = 16.2;
				MTL_ENABLE_DEBUG_INFO = INCLUDE_SOURCE;
				MTL_FAST_MATH = YES;
				ONLY_ACTIVE_ARCH = YES;
				SDKROOT = iphoneos;
				SWIFT_ACTIVE_COMPILATION_CONDITIONS = DEBUG;
				SWIFT_OPTIMIZATION_LEVEL = "-Onone";
			};
			name = Debug;
		};
		32C40E4E2A38847B00A70197 /* Release */ = {
			isa = XCBuildConfiguration;
			buildSettings = {
				ALWAYS_SEARCH_USER_PATHS = NO;
				CLANG_ANALYZER_NONNULL = YES;
				CLANG_ANALYZER_NUMBER_OBJECT_CONVERSION = YES_AGGRESSIVE;
				CLANG_CXX_LANGUAGE_STANDARD = "gnu++20";
				CLANG_ENABLE_MODULES = YES;
				CLANG_ENABLE_OBJC_ARC = YES;
				CLANG_ENABLE_OBJC_WEAK = YES;
				CLANG_WARN_BLOCK_CAPTURE_AUTORELEASING = YES;
				CLANG_WARN_BOOL_CONVERSION = YES;
				CLANG_WARN_COMMA = YES;
				CLANG_WARN_CONSTANT_CONVERSION = YES;
				CLANG_WARN_DEPRECATED_OBJC_IMPLEMENTATIONS = YES;
				CLANG_WARN_DIRECT_OBJC_ISA_USAGE = YES_ERROR;
				CLANG_WARN_DOCUMENTATION_COMMENTS = YES;
				CLANG_WARN_EMPTY_BODY = YES;
				CLANG_WARN_ENUM_CONVERSION = YES;
				CLANG_WARN_INFINITE_RECURSION = YES;
				CLANG_WARN_INT_CONVERSION = YES;
				CLANG_WARN_NON_LITERAL_NULL_CONVERSION = YES;
				CLANG_WARN_OBJC_IMPLICIT_RETAIN_SELF = YES;
				CLANG_WARN_OBJC_LITERAL_CONVERSION = YES;
				CLANG_WARN_OBJC_ROOT_CLASS = YES_ERROR;
				CLANG_WARN_QUOTED_INCLUDE_IN_FRAMEWORK_HEADER = YES;
				CLANG_WARN_RANGE_LOOP_ANALYSIS = YES;
				CLANG_WARN_STRICT_PROTOTYPES = YES;
				CLANG_WARN_SUSPICIOUS_MOVE = YES;
				CLANG_WARN_UNGUARDED_AVAILABILITY = YES_AGGRESSIVE;
				CLANG_WARN_UNREACHABLE_CODE = YES;
				CLANG_WARN__DUPLICATE_METHOD_MATCH = YES;
				COPY_PHASE_STRIP = NO;
				DEBUG_INFORMATION_FORMAT = "dwarf-with-dsym";
				ENABLE_NS_ASSERTIONS = NO;
				ENABLE_STRICT_OBJC_MSGSEND = YES;
				GCC_C_LANGUAGE_STANDARD = gnu11;
				GCC_NO_COMMON_BLOCKS = YES;
				GCC_WARN_64_TO_32_BIT_CONVERSION = YES;
				GCC_WARN_ABOUT_RETURN_TYPE = YES_ERROR;
				GCC_WARN_UNDECLARED_SELECTOR = YES;
				GCC_WARN_UNINITIALIZED_AUTOS = YES_AGGRESSIVE;
				GCC_WARN_UNUSED_FUNCTION = YES;
				GCC_WARN_UNUSED_VARIABLE = YES;
				IPHONEOS_DEPLOYMENT_TARGET = 16.2;
				MTL_ENABLE_DEBUG_INFO = NO;
				MTL_FAST_MATH = YES;
				SDKROOT = iphoneos;
				SWIFT_COMPILATION_MODE = wholemodule;
				SWIFT_OPTIMIZATION_LEVEL = "-O";
				VALIDATE_PRODUCT = YES;
			};
			name = Release;
		};
		32C40E502A38847B00A70197 /* Debug */ = {
			isa = XCBuildConfiguration;
			baseConfigurationReference = 4C46DBC080E8F64F32D2F40A /* Pods-PlayVideoYTPlayer.debug.xcconfig */;
			buildSettings = {
				ASSETCATALOG_COMPILER_APPICON_NAME = AppIcon;
				ASSETCATALOG_COMPILER_GLOBAL_ACCENT_COLOR_NAME = AccentColor;
				CODE_SIGN_STYLE = Automatic;
				CURRENT_PROJECT_VERSION = 1;
				GENERATE_INFOPLIST_FILE = YES;
				INFOPLIST_FILE = PlayVideoYTPlayer/Info.plist;
				INFOPLIST_KEY_UIApplicationSupportsIndirectInputEvents = YES;
				INFOPLIST_KEY_UILaunchStoryboardName = LaunchScreen;
				INFOPLIST_KEY_UIMainStoryboardFile = Main;
				INFOPLIST_KEY_UISupportedInterfaceOrientations_iPad = "UIInterfaceOrientationPortrait UIInterfaceOrientationPortraitUpsideDown UIInterfaceOrientationLandscapeLeft UIInterfaceOrientationLandscapeRight";
				INFOPLIST_KEY_UISupportedInterfaceOrientations_iPhone = "UIInterfaceOrientationPortrait UIInterfaceOrientationLandscapeLeft UIInterfaceOrientationLandscapeRight";
				LD_RUNPATH_SEARCH_PATHS = (
					"$(inherited)",
					"@executable_path/Frameworks",
				);
				MARKETING_VERSION = 1.0;
				PRODUCT_BUNDLE_IDENTIFIER = sai.PlayVideoYTPlayer;
				PRODUCT_NAME = "$(TARGET_NAME)";
				SWIFT_EMIT_LOC_STRINGS = YES;
				SWIFT_VERSION = 5.0;
				TARGETED_DEVICE_FAMILY = "1,2";
			};
			name = Debug;
		};
		32C40E512A38847B00A70197 /* Release */ = {
			isa = XCBuildConfiguration;
			baseConfigurationReference = AF80F58756405B757C1136AE /* Pods-PlayVideoYTPlayer.release.xcconfig */;
			buildSettings = {
				ASSETCATALOG_COMPILER_APPICON_NAME = AppIcon;
				ASSETCATALOG_COMPILER_GLOBAL_ACCENT_COLOR_NAME = AccentColor;
				CODE_SIGN_STYLE = Automatic;
				CURRENT_PROJECT_VERSION = 1;
				GENERATE_INFOPLIST_FILE = YES;
				INFOPLIST_FILE = PlayVideoYTPlayer/Info.plist;
				INFOPLIST_KEY_UIApplicationSupportsIndirectInputEvents = YES;
				INFOPLIST_KEY_UILaunchStoryboardName = LaunchScreen;
				INFOPLIST_KEY_UIMainStoryboardFile = Main;
				INFOPLIST_KEY_UISupportedInterfaceOrientations_iPad = "UIInterfaceOrientationPortrait UIInterfaceOrientationPortraitUpsideDown UIInterfaceOrientationLandscapeLeft UIInterfaceOrientationLandscapeRight";
				INFOPLIST_KEY_UISupportedInterfaceOrientations_iPhone = "UIInterfaceOrientationPortrait UIInterfaceOrientationLandscapeLeft UIInterfaceOrientationLandscapeRight";
				LD_RUNPATH_SEARCH_PATHS = (
					"$(inherited)",
					"@executable_path/Frameworks",
				);
				MARKETING_VERSION = 1.0;
				PRODUCT_BUNDLE_IDENTIFIER = sai.PlayVideoYTPlayer;
				PRODUCT_NAME = "$(TARGET_NAME)";
				SWIFT_EMIT_LOC_STRINGS = YES;
				SWIFT_VERSION = 5.0;
				TARGETED_DEVICE_FAMILY = "1,2";
			};
			name = Release;
		};
/* End XCBuildConfiguration section */

/* Begin XCConfigurationList section */
		32C40E362A38847900A70197 /* Build configuration list for PBXProject "PlayVideoYTPlayer" */ = {
			isa = XCConfigurationList;
			buildConfigurations = (
				32C40E4D2A38847B00A70197 /* Debug */,
				32C40E4E2A38847B00A70197 /* Release */,
			);
			defaultConfigurationIsVisible = 0;
			defaultConfigurationName = Release;
		};
		32C40E4F2A38847B00A70197 /* Build configuration list for PBXNativeTarget "PlayVideoYTPlayer" */ = {
			isa = XCConfigurationList;
			buildConfigurations = (
				32C40E502A38847B00A70197 /* Debug */,
				32C40E512A38847B00A70197 /* Release */,
			);
			defaultConfigurationIsVisible = 0;
			defaultConfigurationName = Release;
		};
/* End XCConfigurationList section */
	};
	rootObject = 32C40E332A38847900A70197 /* Project object */;
}
